
Microsoft Visual Studio Solution File, Format Version 12.00
# Visual Studio Version 17
VisualStudioVersion = 17.4.33122.133
MinimumVisualStudioVersion = 10.0.40219.1
Project("{FAE04EC0-301F-11D3-BF4B-00C04F79EFBC}") = "CodeWe", "CodeWe\CodeWe.csproj", "{1E70EC5A-E62E-4F33-832C-387F0A1697A7}"
EndProject
Global
	GlobalSection(SolutionConfigurationPlatforms) = preSolution
		Debug|Any CPU = Debug|Any CPU
		Release|Any CPU = Release|Any CPU
	EndGlobalSection
	GlobalSection(ProjectConfigurationPlatforms) = postSolution
		{1E70EC5A-E62E-4F33-832C-387F0A1697A7}.Debug|Any CPU.ActiveCfg = Debug|Any CPU
		{1E70EC5A-E62E-4F33-832C-387F0A1697A7}.Debug|Any CPU.Build.0 = Debug|Any CPU
		{1E70EC5A-E62E-4F33-832C-387F0A1697A7}.Release|Any CPU.ActiveCfg = Release|Any CPU
		{1E70EC5A-E62E-4F33-832C-387F0A1697A7}.Release|Any CPU.Build.0 = Release|Any CPU
	EndGlobalSection
	GlobalSection(SolutionProperties) = preSolution
		HideSolutionNode = FALSE
	EndGlobalSection
	GlobalSection(ExtensibilityGlobals) = postSolution
		SolutionGuid = {7CB83045-2CDC-4441-8D26-D5D6EBFC6E90}
	EndGlobalSection
EndGlobal
